
Microsoft Visual Studio Solution File, Format Version 12.00
# Visual Studio 2012
Project("{FAE04EC0-301F-11D3-BF4B-00C04F79EFBC}") = "DllExporter", "Plugins\API\DllExporter\DllExporter.csproj", "{49D56CA5-54AB-45C9-A245-EAE588FCBFE1}"
EndProject
Project("{FAE04EC0-301F-11D3-BF4B-00C04F79EFBC}") = "PluginInputText", "Plugins\PluginInputText\PluginInputText.csproj", "{2CFEC79A-E39E-4FFD-ABC2-C4A69DD1E44D}"
EndProject
Global
	GlobalSection(SolutionConfigurationPlatforms) = preSolution
		Debug|x64 = Debug|x64
		Debug|x86 = Debug|x86
		Release|x64 = Release|x64
		Release|x86 = Release|x86
	EndGlobalSection
	GlobalSection(ProjectConfigurationPlatforms) = postSolution
		{49D56CA5-54AB-45C9-A245-EAE588FCBFE1}.Debug|x64.ActiveCfg = Debug|x64
		{49D56CA5-54AB-45C9-A245-EAE588FCBFE1}.Debug|x64.Build.0 = Debug|x64
		{49D56CA5-54AB-45C9-A245-EAE588FCBFE1}.Debug|x86.ActiveCfg = Debug|x86
		{49D56CA5-54AB-45C9-A245-EAE588FCBFE1}.Debug|x86.Build.0 = Debug|x86
		{49D56CA5-54AB-45C9-A245-EAE588FCBFE1}.Release|x64.ActiveCfg = Release|x64
		{49D56CA5-54AB-45C9-A245-EAE588FCBFE1}.Release|x64.Build.0 = Release|x64
		{49D56CA5-54AB-45C9-A245-EAE588FCBFE1}.Release|x86.ActiveCfg = Release|x86
		{49D56CA5-54AB-45C9-A245-EAE588FCBFE1}.Release|x86.Build.0 = Release|x86
		{2CFEC79A-E39E-4FFD-ABC2-C4A69DD1E44D}.Debug|x64.ActiveCfg = Debug|x64
		{2CFEC79A-E39E-4FFD-ABC2-C4A69DD1E44D}.Debug|x64.Build.0 = Debug|x64
		{2CFEC79A-E39E-4FFD-ABC2-C4A69DD1E44D}.Debug|x86.ActiveCfg = Debug|x86
		{2CFEC79A-E39E-4FFD-ABC2-C4A69DD1E44D}.Debug|x86.Build.0 = Debug|x86
		{2CFEC79A-E39E-4FFD-ABC2-C4A69DD1E44D}.Release|x64.ActiveCfg = Release|x64
		{2CFEC79A-E39E-4FFD-ABC2-C4A69DD1E44D}.Release|x64.Build.0 = Release|x64
		{2CFEC79A-E39E-4FFD-ABC2-C4A69DD1E44D}.Release|x86.ActiveCfg = Release|x86
		{2CFEC79A-E39E-4FFD-ABC2-C4A69DD1E44D}.Release|x86.Build.0 = Release|x86
	EndGlobalSection
	GlobalSection(SolutionProperties) = preSolution
		HideSolutionNode = FALSE
	EndGlobalSection
	GlobalSection(SpecExplorer.ActivityCompletionStatus) = preSolution
		SpecExplorer.ActivityCompletionStatus = 
	EndGlobalSection
EndGlobal
