
Microsoft Visual Studio Solution File, Format Version 12.00
# Visual Studio 2012
Project("{8BC9CEB8-8B4A-11D0-8D11-00A0C91BC942}") = "Application", "Application\Application.vcxproj", "{D2A0903C-E760-4134-AE61-3D55BF8F760C}"
EndProject
Project("{8BC9CEB8-8B4A-11D0-8D11-00A0C91BC942}") = "Common", "Common\Common.vcxproj", "{19312085-AA51-4BD6-BE92-4B6098CCA539}"
EndProject
Project("{8BC9CEB8-8B4A-11D0-8D11-00A0C91BC942}") = "Installer", "Installer\Installer.vcxproj", "{2FCFBFD2-2720-4BDD-B620-4BDD3DBB8D3D}"
EndProject
Project("{8BC9CEB8-8B4A-11D0-8D11-00A0C91BC942}") = "Language", "Language\Language.vcxproj", "{6BE6F228-B741-4DA9-9FBC-E9F2A7BD483A}"
EndProject
Project("{8BC9CEB8-8B4A-11D0-8D11-00A0C91BC942}") = "Library", "Library\Library.vcxproj", "{BE9D2400-7F1C-49D6-8498-5CE495491AD6}"
	ProjectSection(ProjectDependencies) = postProject
		{6BE6F228-B741-4DA9-9FBC-E9F2A7BD483A} = {6BE6F228-B741-4DA9-9FBC-E9F2A7BD483A}
		{19312085-AA51-4BD6-BE92-4B6098CCA539} = {19312085-AA51-4BD6-BE92-4B6098CCA539}
	EndProjectSection
EndProject
Project("{8BC9CEB8-8B4A-11D0-8D11-00A0C91BC942}") = "SkinInstaller", "SkinInstaller\SkinInstaller.vcxproj", "{6F5D4C4A-C8C3-41DA-BF44-6D42B76464DA}"
EndProject
Project("{FAE04EC0-301F-11D3-BF4B-00C04F79EFBC}") = "DllExporter", "Plugins\API\DllExporter\DllExporter.csproj", "{49D56CA5-54AB-45C9-A245-EAE588FCBFE1}"
EndProject
Project("{8BC9CEB8-8B4A-11D0-8D11-00A0C91BC942}") = "PluginAdvancedCPU", "Plugins\PluginAdvancedCPU\PluginAdvancedCPU.vcxproj", "{EE8EC522-8430-4B46-86A3-D943D77F9E4B}"
EndProject
Project("{8BC9CEB8-8B4A-11D0-8D11-00A0C91BC942}") = "PluginCoreTemp", "Plugins\PluginCoreTemp\PluginCoreTemp.vcxproj", "{F32FA418-8DF4-4E94-B92B-EBD502F5DC07}"
EndProject
Project("{8BC9CEB8-8B4A-11D0-8D11-00A0C91BC942}") = "PluginFileView", "Plugins\PluginFileView\PluginFileView.vcxproj", "{64FDEE97-6B7E-40E5-A489-ECA322825BC8}"
EndProject
Project("{8BC9CEB8-8B4A-11D0-8D11-00A0C91BC942}") = "PluginFolderInfo", "Plugins\PluginFolderInfo\PluginFolderInfo.vcxproj", "{A221819D-4263-42AA-B22A-C022924842A7}"
EndProject
Project("{FAE04EC0-301F-11D3-BF4B-00C04F79EFBC}") = "PluginInputText", "Plugins\PluginInputText\PluginInputText.csproj", "{2CFEC79A-E39E-4FFD-ABC2-C4A69DD1E44D}"
EndProject
Project("{8BC9CEB8-8B4A-11D0-8D11-00A0C91BC942}") = "PluginiTunes", "Plugins\PluginiTunes\PluginiTunes.vcxproj", "{A2DD3CBE-B140-4892-A875-24107FA52518}"
EndProject
Project("{8BC9CEB8-8B4A-11D0-8D11-00A0C91BC942}") = "PluginMediaKey", "Plugins\PluginMediaKey\PluginMediaKey.vcxproj", "{EB48A04A-657E-41B8-B2F5-D47F8C30B2B4}"
EndProject
Project("{8BC9CEB8-8B4A-11D0-8D11-00A0C91BC942}") = "PluginNowPlaying", "Plugins\PluginNowPlaying\PluginNowPlaying.vcxproj", "{C7FECFCD-E6C6-4F95-BB9A-E1762B043969}"
EndProject
Project("{8BC9CEB8-8B4A-11D0-8D11-00A0C91BC942}") = "PluginPerfMon", "Plugins\PluginPerfMon\PluginPerfMon.vcxproj", "{5344B52B-BAC3-479C-B41D-D465B8BDA1AD}"
EndProject
Project("{8BC9CEB8-8B4A-11D0-8D11-00A0C91BC942}") = "PluginPing", "Plugins\PluginPing\PluginPing.vcxproj", "{C862B662-5CC6-4E79-B1B3-905E0B98D627}"
EndProject
Project("{8BC9CEB8-8B4A-11D0-8D11-00A0C91BC942}") = "PluginPower", "Plugins\PluginPower\PluginPower.vcxproj", "{C30E7EB6-9655-4AF4-98AE-D6E6B14631AF}"
EndProject
Project("{8BC9CEB8-8B4A-11D0-8D11-00A0C91BC942}") = "PluginProcess", "Plugins\PluginProcess\PluginProcess.vcxproj", "{05203741-CD80-4060-8218-EC5D1120FE3E}"
EndProject
Project("{8BC9CEB8-8B4A-11D0-8D11-00A0C91BC942}") = "PluginQuote", "Plugins\PluginQuote\PluginQuote.vcxproj", "{C029E0CF-F203-41D0-9608-A3EA2CF0ED1F}"
EndProject
Project("{8BC9CEB8-8B4A-11D0-8D11-00A0C91BC942}") = "PluginRecycleManager", "Plugins\PluginRecycleManager\PluginRecycleManager.vcxproj", "{4F8C4C09-431C-45C4-830B-32006E783C3A}"
EndProject
Project("{8BC9CEB8-8B4A-11D0-8D11-00A0C91BC942}") = "PluginResMon", "Plugins\PluginResMon\PluginResMon.vcxproj", "{17D3BD92-6F5D-438C-A89B-88F4CE06DB94}"
EndProject
Project("{8BC9CEB8-8B4A-11D0-8D11-00A0C91BC942}") = "PluginSpeedFan", "Plugins\PluginSpeedFan\PluginSpeedFan.vcxproj", "{D10AB316-0F7A-4551-BE4F-385E04CCF1E8}"
EndProject
Project("{8BC9CEB8-8B4A-11D0-8D11-00A0C91BC942}") = "PluginSysInfo", "Plugins\PluginSysInfo\PluginSysInfo.vcxproj", "{6EBCA4DA-8CC7-42FE-8F45-878ABE165078}"
EndProject
Project("{8BC9CEB8-8B4A-11D0-8D11-00A0C91BC942}") = "PluginVirtualDesktops", "Plugins\PluginVirtualDesktops\PluginVirtualDesktops.vcxproj", "{4640AB3A-5A8B-2DA0-980C-A70BCAB3A7F1}"
EndProject
Project("{8BC9CEB8-8B4A-11D0-8D11-00A0C91BC942}") = "PluginWebParser", "Plugins\PluginWebParser\PluginWebParser.vcxproj", "{8B820B9F-C154-417C-A090-42198F2AF496}"
EndProject
Project("{8BC9CEB8-8B4A-11D0-8D11-00A0C91BC942}") = "PluginWifiStatus", "Plugins\PluginWifiStatus\PluginWifiStatus.vcxproj", "{45A34285-56DD-4521-912B-3F884D36FA35}"
EndProject
Project("{8BC9CEB8-8B4A-11D0-8D11-00A0C91BC942}") = "PluginWin7Audio", "Plugins\PluginWin7Audio\PluginWin7Audio.vcxproj", "{6D032D6B-7656-4743-B454-3388E2921EB0}"
EndProject
Project("{8BC9CEB8-8B4A-11D0-8D11-00A0C91BC942}") = "PluginWindowMessage", "Plugins\PluginWindowMessage\PluginWindowMessage.vcxproj", "{B9184DBA-C6B7-44FE-8BBD-0852DB22D2E4}"
EndProject
Project("{8BC9CEB8-8B4A-11D0-8D11-00A0C91BC942}") = "Common_Test", "Common\Common_Test.vcxproj", "{442084A6-2069-4927-B0C9-51525A720CB2}"
EndProject
Global
	GlobalSection(SolutionConfigurationPlatforms) = preSolution
		Debug|Win32 = Debug|Win32
		Debug|x64 = Debug|x64
		Release|Win32 = Release|Win32
		Release|x64 = Release|x64
	EndGlobalSection
	GlobalSection(ProjectConfigurationPlatforms) = postSolution
		{D2A0903C-E760-4134-AE61-3D55BF8F760C}.Debug|Win32.ActiveCfg = Debug|Win32
		{D2A0903C-E760-4134-AE61-3D55BF8F760C}.Debug|Win32.Build.0 = Debug|Win32
		{D2A0903C-E760-4134-AE61-3D55BF8F760C}.Debug|x64.ActiveCfg = Debug|x64
		{D2A0903C-E760-4134-AE61-3D55BF8F760C}.Debug|x64.Build.0 = Debug|x64
		{D2A0903C-E760-4134-AE61-3D55BF8F760C}.Release|Win32.ActiveCfg = Release|Win32
		{D2A0903C-E760-4134-AE61-3D55BF8F760C}.Release|Win32.Build.0 = Release|Win32
		{D2A0903C-E760-4134-AE61-3D55BF8F760C}.Release|x64.ActiveCfg = Release|x64
		{D2A0903C-E760-4134-AE61-3D55BF8F760C}.Release|x64.Build.0 = Release|x64
		{19312085-AA51-4BD6-BE92-4B6098CCA539}.Debug|Win32.ActiveCfg = Debug|Win32
		{19312085-AA51-4BD6-BE92-4B6098CCA539}.Debug|Win32.Build.0 = Debug|Win32
		{19312085-AA51-4BD6-BE92-4B6098CCA539}.Debug|x64.ActiveCfg = Debug|x64
		{19312085-AA51-4BD6-BE92-4B6098CCA539}.Debug|x64.Build.0 = Debug|x64
		{19312085-AA51-4BD6-BE92-4B6098CCA539}.Release|Win32.ActiveCfg = Release|Win32
		{19312085-AA51-4BD6-BE92-4B6098CCA539}.Release|Win32.Build.0 = Release|Win32
		{19312085-AA51-4BD6-BE92-4B6098CCA539}.Release|x64.ActiveCfg = Release|x64
		{19312085-AA51-4BD6-BE92-4B6098CCA539}.Release|x64.Build.0 = Release|x64
		{2FCFBFD2-2720-4BDD-B620-4BDD3DBB8D3D}.Debug|Win32.ActiveCfg = Debug|Win32
		{2FCFBFD2-2720-4BDD-B620-4BDD3DBB8D3D}.Debug|x64.ActiveCfg = Debug|Win32
		{2FCFBFD2-2720-4BDD-B620-4BDD3DBB8D3D}.Release|Win32.ActiveCfg = Release|Win32
		{2FCFBFD2-2720-4BDD-B620-4BDD3DBB8D3D}.Release|x64.ActiveCfg = Release|Win32
		{6BE6F228-B741-4DA9-9FBC-E9F2A7BD483A}.Debug|Win32.ActiveCfg = Debug|Win32
		{6BE6F228-B741-4DA9-9FBC-E9F2A7BD483A}.Debug|Win32.Build.0 = Debug|Win32
		{6BE6F228-B741-4DA9-9FBC-E9F2A7BD483A}.Debug|x64.ActiveCfg = Debug|x64
		{6BE6F228-B741-4DA9-9FBC-E9F2A7BD483A}.Debug|x64.Build.0 = Debug|x64
		{6BE6F228-B741-4DA9-9FBC-E9F2A7BD483A}.Release|Win32.ActiveCfg = Release|Win32
		{6BE6F228-B741-4DA9-9FBC-E9F2A7BD483A}.Release|Win32.Build.0 = Release|Win32
		{6BE6F228-B741-4DA9-9FBC-E9F2A7BD483A}.Release|x64.ActiveCfg = Release|x64
		{6BE6F228-B741-4DA9-9FBC-E9F2A7BD483A}.Release|x64.Build.0 = Release|x64
		{BE9D2400-7F1C-49D6-8498-5CE495491AD6}.Debug|Win32.ActiveCfg = Debug|Win32
		{BE9D2400-7F1C-49D6-8498-5CE495491AD6}.Debug|Win32.Build.0 = Debug|Win32
		{BE9D2400-7F1C-49D6-8498-5CE495491AD6}.Debug|x64.ActiveCfg = Debug|x64
		{BE9D2400-7F1C-49D6-8498-5CE495491AD6}.Debug|x64.Build.0 = Debug|x64
		{BE9D2400-7F1C-49D6-8498-5CE495491AD6}.Release|Win32.ActiveCfg = Release|Win32
		{BE9D2400-7F1C-49D6-8498-5CE495491AD6}.Release|Win32.Build.0 = Release|Win32
		{BE9D2400-7F1C-49D6-8498-5CE495491AD6}.Release|x64.ActiveCfg = Release|x64
		{BE9D2400-7F1C-49D6-8498-5CE495491AD6}.Release|x64.Build.0 = Release|x64
		{6F5D4C4A-C8C3-41DA-BF44-6D42B76464DA}.Debug|Win32.ActiveCfg = Debug|Win32
		{6F5D4C4A-C8C3-41DA-BF44-6D42B76464DA}.Debug|Win32.Build.0 = Debug|Win32
		{6F5D4C4A-C8C3-41DA-BF44-6D42B76464DA}.Debug|x64.ActiveCfg = Debug|x64
		{6F5D4C4A-C8C3-41DA-BF44-6D42B76464DA}.Debug|x64.Build.0 = Debug|x64
		{6F5D4C4A-C8C3-41DA-BF44-6D42B76464DA}.Release|Win32.ActiveCfg = Release|Win32
		{6F5D4C4A-C8C3-41DA-BF44-6D42B76464DA}.Release|Win32.Build.0 = Release|Win32
		{6F5D4C4A-C8C3-41DA-BF44-6D42B76464DA}.Release|x64.ActiveCfg = Release|x64
		{6F5D4C4A-C8C3-41DA-BF44-6D42B76464DA}.Release|x64.Build.0 = Release|x64
		{49D56CA5-54AB-45C9-A245-EAE588FCBFE1}.Debug|Win32.ActiveCfg = Debug|x86
		{49D56CA5-54AB-45C9-A245-EAE588FCBFE1}.Debug|Win32.Build.0 = Debug|x86
		{49D56CA5-54AB-45C9-A245-EAE588FCBFE1}.Debug|x64.ActiveCfg = Debug|x64
		{49D56CA5-54AB-45C9-A245-EAE588FCBFE1}.Debug|x64.Build.0 = Debug|x64
		{49D56CA5-54AB-45C9-A245-EAE588FCBFE1}.Release|Win32.ActiveCfg = Release|x86
		{49D56CA5-54AB-45C9-A245-EAE588FCBFE1}.Release|Win32.Build.0 = Release|x86
		{49D56CA5-54AB-45C9-A245-EAE588FCBFE1}.Release|x64.ActiveCfg = Release|x64
		{49D56CA5-54AB-45C9-A245-EAE588FCBFE1}.Release|x64.Build.0 = Release|x64
		{EE8EC522-8430-4B46-86A3-D943D77F9E4B}.Debug|Win32.ActiveCfg = Debug|Win32
		{EE8EC522-8430-4B46-86A3-D943D77F9E4B}.Debug|Win32.Build.0 = Debug|Win32
		{EE8EC522-8430-4B46-86A3-D943D77F9E4B}.Debug|x64.ActiveCfg = Debug|x64
		{EE8EC522-8430-4B46-86A3-D943D77F9E4B}.Debug|x64.Build.0 = Debug|x64
		{EE8EC522-8430-4B46-86A3-D943D77F9E4B}.Release|Win32.ActiveCfg = Release|Win32
		{EE8EC522-8430-4B46-86A3-D943D77F9E4B}.Release|Win32.Build.0 = Release|Win32
		{EE8EC522-8430-4B46-86A3-D943D77F9E4B}.Release|x64.ActiveCfg = Release|x64
		{EE8EC522-8430-4B46-86A3-D943D77F9E4B}.Release|x64.Build.0 = Release|x64
		{F32FA418-8DF4-4E94-B92B-EBD502F5DC07}.Debug|Win32.ActiveCfg = Debug|Win32
		{F32FA418-8DF4-4E94-B92B-EBD502F5DC07}.Debug|Win32.Build.0 = Debug|Win32
		{F32FA418-8DF4-4E94-B92B-EBD502F5DC07}.Debug|x64.ActiveCfg = Debug|x64
		{F32FA418-8DF4-4E94-B92B-EBD502F5DC07}.Debug|x64.Build.0 = Debug|x64
		{F32FA418-8DF4-4E94-B92B-EBD502F5DC07}.Release|Win32.ActiveCfg = Release|Win32
		{F32FA418-8DF4-4E94-B92B-EBD502F5DC07}.Release|Win32.Build.0 = Release|Win32
		{F32FA418-8DF4-4E94-B92B-EBD502F5DC07}.Release|x64.ActiveCfg = Release|x64
		{F32FA418-8DF4-4E94-B92B-EBD502F5DC07}.Release|x64.Build.0 = Release|x64
		{64FDEE97-6B7E-40E5-A489-ECA322825BC8}.Debug|Win32.ActiveCfg = Debug|Win32
		{64FDEE97-6B7E-40E5-A489-ECA322825BC8}.Debug|Win32.Build.0 = Debug|Win32
		{64FDEE97-6B7E-40E5-A489-ECA322825BC8}.Debug|x64.ActiveCfg = Debug|x64
		{64FDEE97-6B7E-40E5-A489-ECA322825BC8}.Debug|x64.Build.0 = Debug|x64
		{64FDEE97-6B7E-40E5-A489-ECA322825BC8}.Release|Win32.ActiveCfg = Release|Win32
		{64FDEE97-6B7E-40E5-A489-ECA322825BC8}.Release|Win32.Build.0 = Release|Win32
		{64FDEE97-6B7E-40E5-A489-ECA322825BC8}.Release|x64.ActiveCfg = Release|x64
		{64FDEE97-6B7E-40E5-A489-ECA322825BC8}.Release|x64.Build.0 = Release|x64
		{A221819D-4263-42AA-B22A-C022924842A7}.Debug|Win32.ActiveCfg = Debug|Win32
		{A221819D-4263-42AA-B22A-C022924842A7}.Debug|Win32.Build.0 = Debug|Win32
		{A221819D-4263-42AA-B22A-C022924842A7}.Debug|x64.ActiveCfg = Debug|x64
		{A221819D-4263-42AA-B22A-C022924842A7}.Debug|x64.Build.0 = Debug|x64
		{A221819D-4263-42AA-B22A-C022924842A7}.Release|Win32.ActiveCfg = Release|Win32
		{A221819D-4263-42AA-B22A-C022924842A7}.Release|Win32.Build.0 = Release|Win32
		{A221819D-4263-42AA-B22A-C022924842A7}.Release|x64.ActiveCfg = Release|x64
		{A221819D-4263-42AA-B22A-C022924842A7}.Release|x64.Build.0 = Release|x64
		{2CFEC79A-E39E-4FFD-ABC2-C4A69DD1E44D}.Debug|Win32.ActiveCfg = Debug|x86
		{2CFEC79A-E39E-4FFD-ABC2-C4A69DD1E44D}.Debug|Win32.Build.0 = Debug|x86
		{2CFEC79A-E39E-4FFD-ABC2-C4A69DD1E44D}.Debug|x64.ActiveCfg = Debug|x64
		{2CFEC79A-E39E-4FFD-ABC2-C4A69DD1E44D}.Debug|x64.Build.0 = Debug|x64
		{2CFEC79A-E39E-4FFD-ABC2-C4A69DD1E44D}.Release|Win32.ActiveCfg = Release|x86
		{2CFEC79A-E39E-4FFD-ABC2-C4A69DD1E44D}.Release|Win32.Build.0 = Release|x86
		{2CFEC79A-E39E-4FFD-ABC2-C4A69DD1E44D}.Release|x64.ActiveCfg = Release|x64
		{2CFEC79A-E39E-4FFD-ABC2-C4A69DD1E44D}.Release|x64.Build.0 = Release|x64
		{A2DD3CBE-B140-4892-A875-24107FA52518}.Debug|Win32.ActiveCfg = Debug|Win32
		{A2DD3CBE-B140-4892-A875-24107FA52518}.Debug|Win32.Build.0 = Debug|Win32
		{A2DD3CBE-B140-4892-A875-24107FA52518}.Debug|x64.ActiveCfg = Debug|x64
		{A2DD3CBE-B140-4892-A875-24107FA52518}.Debug|x64.Build.0 = Debug|x64
		{A2DD3CBE-B140-4892-A875-24107FA52518}.Release|Win32.ActiveCfg = Release|Win32
		{A2DD3CBE-B140-4892-A875-24107FA52518}.Release|Win32.Build.0 = Release|Win32
		{A2DD3CBE-B140-4892-A875-24107FA52518}.Release|x64.ActiveCfg = Release|x64
		{A2DD3CBE-B140-4892-A875-24107FA52518}.Release|x64.Build.0 = Release|x64
		{EB48A04A-657E-41B8-B2F5-D47F8C30B2B4}.Debug|Win32.ActiveCfg = Debug|Win32
		{EB48A04A-657E-41B8-B2F5-D47F8C30B2B4}.Debug|Win32.Build.0 = Debug|Win32
		{EB48A04A-657E-41B8-B2F5-D47F8C30B2B4}.Debug|x64.ActiveCfg = Debug|x64
		{EB48A04A-657E-41B8-B2F5-D47F8C30B2B4}.Debug|x64.Build.0 = Debug|x64
		{EB48A04A-657E-41B8-B2F5-D47F8C30B2B4}.Release|Win32.ActiveCfg = Release|Win32
		{EB48A04A-657E-41B8-B2F5-D47F8C30B2B4}.Release|Win32.Build.0 = Release|Win32
		{EB48A04A-657E-41B8-B2F5-D47F8C30B2B4}.Release|x64.ActiveCfg = Release|x64
		{EB48A04A-657E-41B8-B2F5-D47F8C30B2B4}.Release|x64.Build.0 = Release|x64
		{C7FECFCD-E6C6-4F95-BB9A-E1762B043969}.Debug|Win32.ActiveCfg = Debug|Win32
		{C7FECFCD-E6C6-4F95-BB9A-E1762B043969}.Debug|Win32.Build.0 = Debug|Win32
		{C7FECFCD-E6C6-4F95-BB9A-E1762B043969}.Debug|x64.ActiveCfg = Debug|x64
		{C7FECFCD-E6C6-4F95-BB9A-E1762B043969}.Debug|x64.Build.0 = Debug|x64
		{C7FECFCD-E6C6-4F95-BB9A-E1762B043969}.Release|Win32.ActiveCfg = Release|Win32
		{C7FECFCD-E6C6-4F95-BB9A-E1762B043969}.Release|Win32.Build.0 = Release|Win32
		{C7FECFCD-E6C6-4F95-BB9A-E1762B043969}.Release|x64.ActiveCfg = Release|x64
		{C7FECFCD-E6C6-4F95-BB9A-E1762B043969}.Release|x64.Build.0 = Release|x64
		{5344B52B-BAC3-479C-B41D-D465B8BDA1AD}.Debug|Win32.ActiveCfg = Debug|Win32
		{5344B52B-BAC3-479C-B41D-D465B8BDA1AD}.Debug|Win32.Build.0 = Debug|Win32
		{5344B52B-BAC3-479C-B41D-D465B8BDA1AD}.Debug|x64.ActiveCfg = Debug|x64
		{5344B52B-BAC3-479C-B41D-D465B8BDA1AD}.Debug|x64.Build.0 = Debug|x64
		{5344B52B-BAC3-479C-B41D-D465B8BDA1AD}.Release|Win32.ActiveCfg = Release|Win32
		{5344B52B-BAC3-479C-B41D-D465B8BDA1AD}.Release|Win32.Build.0 = Release|Win32
		{5344B52B-BAC3-479C-B41D-D465B8BDA1AD}.Release|x64.ActiveCfg = Release|x64
		{5344B52B-BAC3-479C-B41D-D465B8BDA1AD}.Release|x64.Build.0 = Release|x64
		{C862B662-5CC6-4E79-B1B3-905E0B98D627}.Debug|Win32.ActiveCfg = Debug|Win32
		{C862B662-5CC6-4E79-B1B3-905E0B98D627}.Debug|Win32.Build.0 = Debug|Win32
		{C862B662-5CC6-4E79-B1B3-905E0B98D627}.Debug|x64.ActiveCfg = Debug|x64
		{C862B662-5CC6-4E79-B1B3-905E0B98D627}.Debug|x64.Build.0 = Debug|x64
		{C862B662-5CC6-4E79-B1B3-905E0B98D627}.Release|Win32.ActiveCfg = Release|Win32
		{C862B662-5CC6-4E79-B1B3-905E0B98D627}.Release|Win32.Build.0 = Release|Win32
		{C862B662-5CC6-4E79-B1B3-905E0B98D627}.Release|x64.ActiveCfg = Release|x64
		{C862B662-5CC6-4E79-B1B3-905E0B98D627}.Release|x64.Build.0 = Release|x64
		{C30E7EB6-9655-4AF4-98AE-D6E6B14631AF}.Debug|Win32.ActiveCfg = Debug|Win32
		{C30E7EB6-9655-4AF4-98AE-D6E6B14631AF}.Debug|Win32.Build.0 = Debug|Win32
		{C30E7EB6-9655-4AF4-98AE-D6E6B14631AF}.Debug|x64.ActiveCfg = Debug|x64
		{C30E7EB6-9655-4AF4-98AE-D6E6B14631AF}.Debug|x64.Build.0 = Debug|x64
		{C30E7EB6-9655-4AF4-98AE-D6E6B14631AF}.Release|Win32.ActiveCfg = Release|Win32
		{C30E7EB6-9655-4AF4-98AE-D6E6B14631AF}.Release|Win32.Build.0 = Release|Win32
		{C30E7EB6-9655-4AF4-98AE-D6E6B14631AF}.Release|x64.ActiveCfg = Release|x64
		{C30E7EB6-9655-4AF4-98AE-D6E6B14631AF}.Release|x64.Build.0 = Release|x64
		{05203741-CD80-4060-8218-EC5D1120FE3E}.Debug|Win32.ActiveCfg = Debug|Win32
		{05203741-CD80-4060-8218-EC5D1120FE3E}.Debug|Win32.Build.0 = Debug|Win32
		{05203741-CD80-4060-8218-EC5D1120FE3E}.Debug|x64.ActiveCfg = Debug|x64
		{05203741-CD80-4060-8218-EC5D1120FE3E}.Debug|x64.Build.0 = Debug|x64
		{05203741-CD80-4060-8218-EC5D1120FE3E}.Release|Win32.ActiveCfg = Release|Win32
		{05203741-CD80-4060-8218-EC5D1120FE3E}.Release|Win32.Build.0 = Release|Win32
		{05203741-CD80-4060-8218-EC5D1120FE3E}.Release|x64.ActiveCfg = Release|x64
		{05203741-CD80-4060-8218-EC5D1120FE3E}.Release|x64.Build.0 = Release|x64
		{C029E0CF-F203-41D0-9608-A3EA2CF0ED1F}.Debug|Win32.ActiveCfg = Debug|Win32
		{C029E0CF-F203-41D0-9608-A3EA2CF0ED1F}.Debug|Win32.Build.0 = Debug|Win32
		{C029E0CF-F203-41D0-9608-A3EA2CF0ED1F}.Debug|x64.ActiveCfg = Debug|x64
		{C029E0CF-F203-41D0-9608-A3EA2CF0ED1F}.Debug|x64.Build.0 = Debug|x64
		{C029E0CF-F203-41D0-9608-A3EA2CF0ED1F}.Release|Win32.ActiveCfg = Release|Win32
		{C029E0CF-F203-41D0-9608-A3EA2CF0ED1F}.Release|Win32.Build.0 = Release|Win32
		{C029E0CF-F203-41D0-9608-A3EA2CF0ED1F}.Release|x64.ActiveCfg = Release|x64
		{C029E0CF-F203-41D0-9608-A3EA2CF0ED1F}.Release|x64.Build.0 = Release|x64
		{4F8C4C09-431C-45C4-830B-32006E783C3A}.Debug|Win32.ActiveCfg = Debug|Win32
		{4F8C4C09-431C-45C4-830B-32006E783C3A}.Debug|Win32.Build.0 = Debug|Win32
		{4F8C4C09-431C-45C4-830B-32006E783C3A}.Debug|x64.ActiveCfg = Debug|x64
		{4F8C4C09-431C-45C4-830B-32006E783C3A}.Debug|x64.Build.0 = Debug|x64
		{4F8C4C09-431C-45C4-830B-32006E783C3A}.Release|Win32.ActiveCfg = Release|Win32
		{4F8C4C09-431C-45C4-830B-32006E783C3A}.Release|Win32.Build.0 = Release|Win32
		{4F8C4C09-431C-45C4-830B-32006E783C3A}.Release|x64.ActiveCfg = Release|x64
		{4F8C4C09-431C-45C4-830B-32006E783C3A}.Release|x64.Build.0 = Release|x64
		{17D3BD92-6F5D-438C-A89B-88F4CE06DB94}.Debug|Win32.ActiveCfg = Debug|Win32
		{17D3BD92-6F5D-438C-A89B-88F4CE06DB94}.Debug|Win32.Build.0 = Debug|Win32
		{17D3BD92-6F5D-438C-A89B-88F4CE06DB94}.Debug|x64.ActiveCfg = Debug|x64
		{17D3BD92-6F5D-438C-A89B-88F4CE06DB94}.Debug|x64.Build.0 = Debug|x64
		{17D3BD92-6F5D-438C-A89B-88F4CE06DB94}.Release|Win32.ActiveCfg = Release|Win32
		{17D3BD92-6F5D-438C-A89B-88F4CE06DB94}.Release|Win32.Build.0 = Release|Win32
		{17D3BD92-6F5D-438C-A89B-88F4CE06DB94}.Release|x64.ActiveCfg = Release|x64
		{17D3BD92-6F5D-438C-A89B-88F4CE06DB94}.Release|x64.Build.0 = Release|x64
		{D10AB316-0F7A-4551-BE4F-385E04CCF1E8}.Debug|Win32.ActiveCfg = Debug|Win32
		{D10AB316-0F7A-4551-BE4F-385E04CCF1E8}.Debug|Win32.Build.0 = Debug|Win32
		{D10AB316-0F7A-4551-BE4F-385E04CCF1E8}.Debug|x64.ActiveCfg = Debug|x64
		{D10AB316-0F7A-4551-BE4F-385E04CCF1E8}.Debug|x64.Build.0 = Debug|x64
		{D10AB316-0F7A-4551-BE4F-385E04CCF1E8}.Release|Win32.ActiveCfg = Release|Win32
		{D10AB316-0F7A-4551-BE4F-385E04CCF1E8}.Release|Win32.Build.0 = Release|Win32
		{D10AB316-0F7A-4551-BE4F-385E04CCF1E8}.Release|x64.ActiveCfg = Release|x64
		{D10AB316-0F7A-4551-BE4F-385E04CCF1E8}.Release|x64.Build.0 = Release|x64
		{6EBCA4DA-8CC7-42FE-8F45-878ABE165078}.Debug|Win32.ActiveCfg = Debug|Win32
		{6EBCA4DA-8CC7-42FE-8F45-878ABE165078}.Debug|Win32.Build.0 = Debug|Win32
		{6EBCA4DA-8CC7-42FE-8F45-878ABE165078}.Debug|x64.ActiveCfg = Debug|x64
		{6EBCA4DA-8CC7-42FE-8F45-878ABE165078}.Debug|x64.Build.0 = Debug|x64
		{6EBCA4DA-8CC7-42FE-8F45-878ABE165078}.Release|Win32.ActiveCfg = Release|Win32
		{6EBCA4DA-8CC7-42FE-8F45-878ABE165078}.Release|Win32.Build.0 = Release|Win32
		{6EBCA4DA-8CC7-42FE-8F45-878ABE165078}.Release|x64.ActiveCfg = Release|x64
		{6EBCA4DA-8CC7-42FE-8F45-878ABE165078}.Release|x64.Build.0 = Release|x64
		{4640AB3A-5A8B-2DA0-980C-A70BCAB3A7F1}.Debug|Win32.ActiveCfg = Debug|Win32
		{4640AB3A-5A8B-2DA0-980C-A70BCAB3A7F1}.Debug|Win32.Build.0 = Debug|Win32
		{4640AB3A-5A8B-2DA0-980C-A70BCAB3A7F1}.Debug|x64.ActiveCfg = Debug|x64
		{4640AB3A-5A8B-2DA0-980C-A70BCAB3A7F1}.Debug|x64.Build.0 = Debug|x64
		{4640AB3A-5A8B-2DA0-980C-A70BCAB3A7F1}.Release|Win32.ActiveCfg = Release|Win32
		{4640AB3A-5A8B-2DA0-980C-A70BCAB3A7F1}.Release|Win32.Build.0 = Release|Win32
		{4640AB3A-5A8B-2DA0-980C-A70BCAB3A7F1}.Release|x64.ActiveCfg = Release|x64
		{4640AB3A-5A8B-2DA0-980C-A70BCAB3A7F1}.Release|x64.Build.0 = Release|x64
		{8B820B9F-C154-417C-A090-42198F2AF496}.Debug|Win32.ActiveCfg = Debug|Win32
		{8B820B9F-C154-417C-A090-42198F2AF496}.Debug|Win32.Build.0 = Debug|Win32
		{8B820B9F-C154-417C-A090-42198F2AF496}.Debug|x64.ActiveCfg = Debug|x64
		{8B820B9F-C154-417C-A090-42198F2AF496}.Debug|x64.Build.0 = Debug|x64
		{8B820B9F-C154-417C-A090-42198F2AF496}.Release|Win32.ActiveCfg = Release|Win32
		{8B820B9F-C154-417C-A090-42198F2AF496}.Release|Win32.Build.0 = Release|Win32
		{8B820B9F-C154-417C-A090-42198F2AF496}.Release|x64.ActiveCfg = Release|x64
		{8B820B9F-C154-417C-A090-42198F2AF496}.Release|x64.Build.0 = Release|x64
		{45A34285-56DD-4521-912B-3F884D36FA35}.Debug|Win32.ActiveCfg = Debug|Win32
		{45A34285-56DD-4521-912B-3F884D36FA35}.Debug|Win32.Build.0 = Debug|Win32
		{45A34285-56DD-4521-912B-3F884D36FA35}.Debug|x64.ActiveCfg = Debug|x64
		{45A34285-56DD-4521-912B-3F884D36FA35}.Debug|x64.Build.0 = Debug|x64
		{45A34285-56DD-4521-912B-3F884D36FA35}.Release|Win32.ActiveCfg = Release|Win32
		{45A34285-56DD-4521-912B-3F884D36FA35}.Release|Win32.Build.0 = Release|Win32
		{45A34285-56DD-4521-912B-3F884D36FA35}.Release|x64.ActiveCfg = Release|x64
		{45A34285-56DD-4521-912B-3F884D36FA35}.Release|x64.Build.0 = Release|x64
		{6D032D6B-7656-4743-B454-3388E2921EB0}.Debug|Win32.ActiveCfg = Debug|Win32
		{6D032D6B-7656-4743-B454-3388E2921EB0}.Debug|Win32.Build.0 = Debug|Win32
		{6D032D6B-7656-4743-B454-3388E2921EB0}.Debug|x64.ActiveCfg = Debug|x64
		{6D032D6B-7656-4743-B454-3388E2921EB0}.Debug|x64.Build.0 = Debug|x64
		{6D032D6B-7656-4743-B454-3388E2921EB0}.Release|Win32.ActiveCfg = Release|Win32
		{6D032D6B-7656-4743-B454-3388E2921EB0}.Release|Win32.Build.0 = Release|Win32
		{6D032D6B-7656-4743-B454-3388E2921EB0}.Release|x64.ActiveCfg = Release|x64
		{6D032D6B-7656-4743-B454-3388E2921EB0}.Release|x64.Build.0 = Release|x64
		{B9184DBA-C6B7-44FE-8BBD-0852DB22D2E4}.Debug|Win32.ActiveCfg = Debug|Win32
		{B9184DBA-C6B7-44FE-8BBD-0852DB22D2E4}.Debug|Win32.Build.0 = Debug|Win32
		{B9184DBA-C6B7-44FE-8BBD-0852DB22D2E4}.Debug|x64.ActiveCfg = Debug|x64
		{B9184DBA-C6B7-44FE-8BBD-0852DB22D2E4}.Debug|x64.Build.0 = Debug|x64
		{B9184DBA-C6B7-44FE-8BBD-0852DB22D2E4}.Release|Win32.ActiveCfg = Release|Win32
		{B9184DBA-C6B7-44FE-8BBD-0852DB22D2E4}.Release|Win32.Build.0 = Release|Win32
		{B9184DBA-C6B7-44FE-8BBD-0852DB22D2E4}.Release|x64.ActiveCfg = Release|x64
		{B9184DBA-C6B7-44FE-8BBD-0852DB22D2E4}.Release|x64.Build.0 = Release|x64
		{442084A6-2069-4927-B0C9-51525A720CB2}.Debug|Win32.ActiveCfg = Debug|Win32
		{442084A6-2069-4927-B0C9-51525A720CB2}.Debug|Win32.Build.0 = Debug|Win32
		{442084A6-2069-4927-B0C9-51525A720CB2}.Debug|x64.ActiveCfg = Debug|x64
		{442084A6-2069-4927-B0C9-51525A720CB2}.Debug|x64.Build.0 = Debug|x64
		{442084A6-2069-4927-B0C9-51525A720CB2}.Release|Win32.ActiveCfg = Release|Win32
		{442084A6-2069-4927-B0C9-51525A720CB2}.Release|x64.ActiveCfg = Release|x64
	EndGlobalSection
	GlobalSection(SolutionProperties) = preSolution
		HideSolutionNode = FALSE
	EndGlobalSection
EndGlobal
