Microsoft Visual Studio Solution File, Format Version 8.00
Project("{8BC9CEB8-8B4A-11D0-8D11-00A0C91BC942}") = "Application", "Application\Application.vcproj", "{AD74F5C2-EF08-42B6-88F3-A840DCA4D7E5}"
	ProjectSection(ProjectDependencies) = postProject
		{BE3325E4-475C-40D0-9745-EE20BA3D8443} = {BE3325E4-475C-40D0-9745-EE20BA3D8443}
	EndProjectSection
EndProject
Project("{8BC9CEB8-8B4A-11D0-8D11-00A0C91BC942}") = "Library", "Library\Library.vcproj", "{BE3325E4-475C-40D0-9745-EE20BA3D8443}"
	ProjectSection(ProjectDependencies) = postProject
	EndProjectSection
EndProject
Project("{8BC9CEB8-8B4A-11D0-8D11-00A0C91BC942}") = "PluginAdvancedCPU", "Plugins\PluginAdvancedCPU\PluginAdvancedCPU.vcproj", "{28E56A55-43A3-4926-A0B5-C5E056073519}"
	ProjectSection(ProjectDependencies) = postProject
		{BE3325E4-475C-40D0-9745-EE20BA3D8443} = {BE3325E4-475C-40D0-9745-EE20BA3D8443}
	EndProjectSection
EndProject
Project("{8BC9CEB8-8B4A-11D0-8D11-00A0C91BC942}") = "PluginExample", "PLUGINS\PluginExample\PluginExample.vcproj", "{D76587CE-7D1B-48C9-83AB-91CA888E4562}"
	ProjectSection(ProjectDependencies) = postProject
		{BE3325E4-475C-40D0-9745-EE20BA3D8443} = {BE3325E4-475C-40D0-9745-EE20BA3D8443}
	EndProjectSection
EndProject
Project("{8BC9CEB8-8B4A-11D0-8D11-00A0C91BC942}") = "PluginMBM5", "Plugins\PluginMBM5\PluginMBM5.vcproj", "{5A31C710-DE80-4654-9845-80A93E4AFEF7}"
	ProjectSection(ProjectDependencies) = postProject
		{BE3325E4-475C-40D0-9745-EE20BA3D8443} = {BE3325E4-475C-40D0-9745-EE20BA3D8443}
	EndProjectSection
EndProject
Project("{8BC9CEB8-8B4A-11D0-8D11-00A0C91BC942}") = "PluginPerfMon", "Plugins\PluginPerfMon\PluginPerfMon.vcproj", "{59F6400D-A550-4F99-85F7-4FEA5484724D}"
	ProjectSection(ProjectDependencies) = postProject
		{BE3325E4-475C-40D0-9745-EE20BA3D8443} = {BE3325E4-475C-40D0-9745-EE20BA3D8443}
	EndProjectSection
EndProject
Project("{8BC9CEB8-8B4A-11D0-8D11-00A0C91BC942}") = "PluginPing", "Plugins\PluginPing\PluginPing.vcproj", "{9ED9D4FA-BF62-4D96-89E3-037726C6FEA7}"
	ProjectSection(ProjectDependencies) = postProject
		{BE3325E4-475C-40D0-9745-EE20BA3D8443} = {BE3325E4-475C-40D0-9745-EE20BA3D8443}
	EndProjectSection
EndProject
Project("{8BC9CEB8-8B4A-11D0-8D11-00A0C91BC942}") = "PluginPower", "Plugins\PluginPower\PluginPower.vcproj", "{C119466B-4A25-408E-98EA-6428A2DC969D}"
	ProjectSection(ProjectDependencies) = postProject
		{BE3325E4-475C-40D0-9745-EE20BA3D8443} = {BE3325E4-475C-40D0-9745-EE20BA3D8443}
	EndProjectSection
EndProject
Project("{8BC9CEB8-8B4A-11D0-8D11-00A0C91BC942}") = "PluginQuote", "Plugins\PluginQuote\PluginQuote.vcproj", "{CEAF771F-C508-4364-BDF6-53A934AABD51}"
	ProjectSection(ProjectDependencies) = postProject
		{BE3325E4-475C-40D0-9745-EE20BA3D8443} = {BE3325E4-475C-40D0-9745-EE20BA3D8443}
	EndProjectSection
EndProject
Project("{8BC9CEB8-8B4A-11D0-8D11-00A0C91BC942}") = "PluginResMon", "Plugins\PluginResMon\PluginResMon.vcproj", "{B56F0A33-E1A4-4929-AD5B-3B46CC9D8FAE}"
	ProjectSection(ProjectDependencies) = postProject
		{BE3325E4-475C-40D0-9745-EE20BA3D8443} = {BE3325E4-475C-40D0-9745-EE20BA3D8443}
	EndProjectSection
EndProject
Project("{8BC9CEB8-8B4A-11D0-8D11-00A0C91BC942}") = "PluginSpeedFan", "Plugins\PluginSpeedFan\PluginSpeedFan.vcproj", "{1A8E5D4B-10CB-4786-AA47-4FFC5AB51768}"
	ProjectSection(ProjectDependencies) = postProject
		{BE3325E4-475C-40D0-9745-EE20BA3D8443} = {BE3325E4-475C-40D0-9745-EE20BA3D8443}
	EndProjectSection
EndProject
Project("{8BC9CEB8-8B4A-11D0-8D11-00A0C91BC942}") = "PluginSysInfo", "Plugins\PluginSysInfo\PluginSysInfo.vcproj", "{2699CA81-6ED5-4EDB-A018-3C9C81CEE7D4}"
	ProjectSection(ProjectDependencies) = postProject
		{BE3325E4-475C-40D0-9745-EE20BA3D8443} = {BE3325E4-475C-40D0-9745-EE20BA3D8443}
	EndProjectSection
EndProject
Project("{8BC9CEB8-8B4A-11D0-8D11-00A0C91BC942}") = "PluginWebParser", "Plugins\PluginWebParser\PluginWebParser.vcproj", "{0FE204A1-85F6-4F56-A7AD-45A2039F523A}"
	ProjectSection(ProjectDependencies) = postProject
		{BE3325E4-475C-40D0-9745-EE20BA3D8443} = {BE3325E4-475C-40D0-9745-EE20BA3D8443}
	EndProjectSection
EndProject
Project("{8BC9CEB8-8B4A-11D0-8D11-00A0C91BC942}") = "PluginWindowMessage", "Plugins\PluginWindowMessage\PluginWindowMessage.vcproj", "{E4646B24-6882-465E-BAFB-76862B7EBDC2}"
	ProjectSection(ProjectDependencies) = postProject
		{BE3325E4-475C-40D0-9745-EE20BA3D8443} = {BE3325E4-475C-40D0-9745-EE20BA3D8443}
	EndProjectSection
EndProject
Project("{8BC9CEB8-8B4A-11D0-8D11-00A0C91BC942}") = "PluginWirelessInfo", "Plugins\PluginWirelessInfo\PluginWirelessInfo.vcproj", "{F6803AC5-272F-402B-9CA0-DEF8A3D83D30}"
	ProjectSection(ProjectDependencies) = postProject
		{BE3325E4-475C-40D0-9745-EE20BA3D8443} = {BE3325E4-475C-40D0-9745-EE20BA3D8443}
	EndProjectSection
EndProject
Global
	GlobalSection(SolutionConfiguration) = preSolution
		Debug = Debug
		Release = Release
		Release 64 = Release 64
	EndGlobalSection
	GlobalSection(ProjectConfiguration) = postSolution
		{AD74F5C2-EF08-42B6-88F3-A840DCA4D7E5}.Debug.ActiveCfg = Debug|Win32
		{AD74F5C2-EF08-42B6-88F3-A840DCA4D7E5}.Debug.Build.0 = Debug|Win32
		{AD74F5C2-EF08-42B6-88F3-A840DCA4D7E5}.Release.ActiveCfg = Release|Win32
		{AD74F5C2-EF08-42B6-88F3-A840DCA4D7E5}.Release.Build.0 = Release|Win32
		{AD74F5C2-EF08-42B6-88F3-A840DCA4D7E5}.Release 64.ActiveCfg = Release 64|Win32
		{AD74F5C2-EF08-42B6-88F3-A840DCA4D7E5}.Release 64.Build.0 = Release 64|Win32
		{BE3325E4-475C-40D0-9745-EE20BA3D8443}.Debug.ActiveCfg = Debug|Win32
		{BE3325E4-475C-40D0-9745-EE20BA3D8443}.Debug.Build.0 = Debug|Win32
		{BE3325E4-475C-40D0-9745-EE20BA3D8443}.Release.ActiveCfg = Release|Win32
		{BE3325E4-475C-40D0-9745-EE20BA3D8443}.Release.Build.0 = Release|Win32
		{BE3325E4-475C-40D0-9745-EE20BA3D8443}.Release 64.ActiveCfg = Release 64|Win32
		{BE3325E4-475C-40D0-9745-EE20BA3D8443}.Release 64.Build.0 = Release 64|Win32
		{28E56A55-43A3-4926-A0B5-C5E056073519}.Debug.ActiveCfg = Debug|Win32
		{28E56A55-43A3-4926-A0B5-C5E056073519}.Debug.Build.0 = Debug|Win32
		{28E56A55-43A3-4926-A0B5-C5E056073519}.Release.ActiveCfg = Release|Win32
		{28E56A55-43A3-4926-A0B5-C5E056073519}.Release.Build.0 = Release|Win32
		{28E56A55-43A3-4926-A0B5-C5E056073519}.Release 64.ActiveCfg = Release 64|Win32
		{28E56A55-43A3-4926-A0B5-C5E056073519}.Release 64.Build.0 = Release 64|Win32
		{D76587CE-7D1B-48C9-83AB-91CA888E4562}.Debug.ActiveCfg = Debug|Win32
		{D76587CE-7D1B-48C9-83AB-91CA888E4562}.Debug.Build.0 = Debug|Win32
		{D76587CE-7D1B-48C9-83AB-91CA888E4562}.Release.ActiveCfg = Release|Win32
		{D76587CE-7D1B-48C9-83AB-91CA888E4562}.Release.Build.0 = Release|Win32
		{D76587CE-7D1B-48C9-83AB-91CA888E4562}.Release 64.ActiveCfg = Release 64|Win32
		{D76587CE-7D1B-48C9-83AB-91CA888E4562}.Release 64.Build.0 = Release 64|Win32
		{5A31C710-DE80-4654-9845-80A93E4AFEF7}.Debug.ActiveCfg = Debug|Win32
		{5A31C710-DE80-4654-9845-80A93E4AFEF7}.Debug.Build.0 = Debug|Win32
		{5A31C710-DE80-4654-9845-80A93E4AFEF7}.Release.ActiveCfg = Release|Win32
		{5A31C710-DE80-4654-9845-80A93E4AFEF7}.Release.Build.0 = Release|Win32
		{5A31C710-DE80-4654-9845-80A93E4AFEF7}.Release 64.ActiveCfg = Release 64|Win32
		{5A31C710-DE80-4654-9845-80A93E4AFEF7}.Release 64.Build.0 = Release 64|Win32
		{59F6400D-A550-4F99-85F7-4FEA5484724D}.Debug.ActiveCfg = Debug|Win32
		{59F6400D-A550-4F99-85F7-4FEA5484724D}.Debug.Build.0 = Debug|Win32
		{59F6400D-A550-4F99-85F7-4FEA5484724D}.Release.ActiveCfg = Release|Win32
		{59F6400D-A550-4F99-85F7-4FEA5484724D}.Release.Build.0 = Release|Win32
		{59F6400D-A550-4F99-85F7-4FEA5484724D}.Release 64.ActiveCfg = Release 64|Win32
		{59F6400D-A550-4F99-85F7-4FEA5484724D}.Release 64.Build.0 = Release 64|Win32
		{9ED9D4FA-BF62-4D96-89E3-037726C6FEA7}.Debug.ActiveCfg = Debug|Win32
		{9ED9D4FA-BF62-4D96-89E3-037726C6FEA7}.Debug.Build.0 = Debug|Win32
		{9ED9D4FA-BF62-4D96-89E3-037726C6FEA7}.Release.ActiveCfg = Release|Win32
		{9ED9D4FA-BF62-4D96-89E3-037726C6FEA7}.Release.Build.0 = Release|Win32
		{9ED9D4FA-BF62-4D96-89E3-037726C6FEA7}.Release 64.ActiveCfg = Release 64|Win32
		{9ED9D4FA-BF62-4D96-89E3-037726C6FEA7}.Release 64.Build.0 = Release 64|Win32
		{C119466B-4A25-408E-98EA-6428A2DC969D}.Debug.ActiveCfg = Debug|Win32
		{C119466B-4A25-408E-98EA-6428A2DC969D}.Debug.Build.0 = Debug|Win32
		{C119466B-4A25-408E-98EA-6428A2DC969D}.Release.ActiveCfg = Release|Win32
		{C119466B-4A25-408E-98EA-6428A2DC969D}.Release.Build.0 = Release|Win32
		{C119466B-4A25-408E-98EA-6428A2DC969D}.Release 64.ActiveCfg = Release 64|Win32
		{C119466B-4A25-408E-98EA-6428A2DC969D}.Release 64.Build.0 = Release 64|Win32
		{CEAF771F-C508-4364-BDF6-53A934AABD51}.Debug.ActiveCfg = Debug|Win32
		{CEAF771F-C508-4364-BDF6-53A934AABD51}.Debug.Build.0 = Debug|Win32
		{CEAF771F-C508-4364-BDF6-53A934AABD51}.Release.ActiveCfg = Release|Win32
		{CEAF771F-C508-4364-BDF6-53A934AABD51}.Release.Build.0 = Release|Win32
		{CEAF771F-C508-4364-BDF6-53A934AABD51}.Release 64.ActiveCfg = Release 64|Win32
		{CEAF771F-C508-4364-BDF6-53A934AABD51}.Release 64.Build.0 = Release 64|Win32
		{B56F0A33-E1A4-4929-AD5B-3B46CC9D8FAE}.Debug.ActiveCfg = Debug|Win32
		{B56F0A33-E1A4-4929-AD5B-3B46CC9D8FAE}.Debug.Build.0 = Debug|Win32
		{B56F0A33-E1A4-4929-AD5B-3B46CC9D8FAE}.Release.ActiveCfg = Release|Win32
		{B56F0A33-E1A4-4929-AD5B-3B46CC9D8FAE}.Release.Build.0 = Release|Win32
		{B56F0A33-E1A4-4929-AD5B-3B46CC9D8FAE}.Release 64.ActiveCfg = Release 64|Win32
		{B56F0A33-E1A4-4929-AD5B-3B46CC9D8FAE}.Release 64.Build.0 = Release 64|Win32
		{1A8E5D4B-10CB-4786-AA47-4FFC5AB51768}.Debug.ActiveCfg = Debug|Win32
		{1A8E5D4B-10CB-4786-AA47-4FFC5AB51768}.Debug.Build.0 = Debug|Win32
		{1A8E5D4B-10CB-4786-AA47-4FFC5AB51768}.Release.ActiveCfg = Release|Win32
		{1A8E5D4B-10CB-4786-AA47-4FFC5AB51768}.Release.Build.0 = Release|Win32
		{1A8E5D4B-10CB-4786-AA47-4FFC5AB51768}.Release 64.ActiveCfg = Release 64|Win32
		{1A8E5D4B-10CB-4786-AA47-4FFC5AB51768}.Release 64.Build.0 = Release 64|Win32
		{2699CA81-6ED5-4EDB-A018-3C9C81CEE7D4}.Debug.ActiveCfg = Debug|Win32
		{2699CA81-6ED5-4EDB-A018-3C9C81CEE7D4}.Debug.Build.0 = Debug|Win32
		{2699CA81-6ED5-4EDB-A018-3C9C81CEE7D4}.Release.ActiveCfg = Release|Win32
		{2699CA81-6ED5-4EDB-A018-3C9C81CEE7D4}.Release.Build.0 = Release|Win32
		{2699CA81-6ED5-4EDB-A018-3C9C81CEE7D4}.Release 64.ActiveCfg = Release 64|Win32
		{2699CA81-6ED5-4EDB-A018-3C9C81CEE7D4}.Release 64.Build.0 = Release 64|Win32
		{0FE204A1-85F6-4F56-A7AD-45A2039F523A}.Debug.ActiveCfg = Debug|Win32
		{0FE204A1-85F6-4F56-A7AD-45A2039F523A}.Debug.Build.0 = Debug|Win32
		{0FE204A1-85F6-4F56-A7AD-45A2039F523A}.Release.ActiveCfg = Release|Win32
		{0FE204A1-85F6-4F56-A7AD-45A2039F523A}.Release.Build.0 = Release|Win32
		{0FE204A1-85F6-4F56-A7AD-45A2039F523A}.Release 64.ActiveCfg = Release 64|Win32
		{0FE204A1-85F6-4F56-A7AD-45A2039F523A}.Release 64.Build.0 = Release 64|Win32
		{E4646B24-6882-465E-BAFB-76862B7EBDC2}.Debug.ActiveCfg = Debug|Win32
		{E4646B24-6882-465E-BAFB-76862B7EBDC2}.Debug.Build.0 = Debug|Win32
		{E4646B24-6882-465E-BAFB-76862B7EBDC2}.Release.ActiveCfg = Release|Win32
		{E4646B24-6882-465E-BAFB-76862B7EBDC2}.Release.Build.0 = Release|Win32
		{E4646B24-6882-465E-BAFB-76862B7EBDC2}.Release 64.ActiveCfg = Release 64|Win32
		{E4646B24-6882-465E-BAFB-76862B7EBDC2}.Release 64.Build.0 = Release 64|Win32
		{F6803AC5-272F-402B-9CA0-DEF8A3D83D30}.Debug.ActiveCfg = Debug|Win32
		{F6803AC5-272F-402B-9CA0-DEF8A3D83D30}.Debug.Build.0 = Debug|Win32
		{F6803AC5-272F-402B-9CA0-DEF8A3D83D30}.Release.ActiveCfg = Release|Win32
		{F6803AC5-272F-402B-9CA0-DEF8A3D83D30}.Release.Build.0 = Release|Win32
		{F6803AC5-272F-402B-9CA0-DEF8A3D83D30}.Release 64.ActiveCfg = Release 64|Win32
		{F6803AC5-272F-402B-9CA0-DEF8A3D83D30}.Release 64.Build.0 = Release 64|Win32
	EndGlobalSection
	GlobalSection(ExtensibilityGlobals) = postSolution
	EndGlobalSection
	GlobalSection(ExtensibilityAddIns) = postSolution
	EndGlobalSection
EndGlobal
