<?xml version="1.0" encoding="utf-8"?>
<Project ToolsVersion="4.0" xmlns="http://schemas.microsoft.com/developer/msbuild/2003">
  <ItemGroup>
    <Filter Include="Resouce Files">
      <UniqueIdentifier>{02261F06-8BB0-4063-B79F-C42723ABB5F7}</UniqueIdentifier>
    </Filter>
    <Filter Include="Source Files">
      <UniqueIdentifier>{61F5B0D6-5FE7-46DE-BFEF-A092EE758219}</UniqueIdentifier>
    </Filter>
  </ItemGroup>
  <ItemGroup>
    <ClCompile Include="RestartRainmeter.cpp">
      <Filter>Source Files</Filter>
    </ClCompile>
  </ItemGroup>
  <ItemGroup>
    <ResourceCompile Include="RestartRainmeter.rc">
      <Filter>Resouce Files</Filter>
    </ResourceCompile>
  </ItemGroup>
</Project>