<?xml version="1.0" encoding="utf-8"?>
<Project ToolsVersion="4.0" xmlns="http://schemas.microsoft.com/developer/msbuild/2003">
  <ItemGroup>
    <ClInclude Include="Stdafx.h" />
    <ClInclude Include="PluginRunCommand.h" />
  </ItemGroup>
  <ItemGroup>
    <ClCompile Include="PluginRunCommand.cpp" />
  </ItemGroup>
  <ItemGroup>
    <ResourceCompile Include="PluginRunCommand.rc" />
  </ItemGroup>
</Project>