<?xml version="1.0" encoding="utf-8"?>
<Project ToolsVersion="4.0" xmlns="http://schemas.microsoft.com/developer/msbuild/2003">
  <ItemGroup>
    <Filter Include="Source Files">
      <UniqueIdentifier>{3f37d5c4-4ae6-401f-9453-10dfc5fdb7f7}</UniqueIdentifier>
      <Extensions>cpp;c;cxx;rc;def;r;odl;idl;hpj;bat</Extensions>
    </Filter>
    <Filter Include="Header Files">
      <UniqueIdentifier>{17b931a7-44f0-4e35-a315-8735fefc7099}</UniqueIdentifier>
      <Extensions>h;hpp;hxx;hm;inl</Extensions>
    </Filter>
    <Filter Include="Resource Files">
      <UniqueIdentifier>{91b7f443-69f2-4af0-8898-79c86916bbc5}</UniqueIdentifier>
      <Extensions>ico;cur;bmp;dlg;rc2;rct;bin;rgs;gif;jpg;jpeg;jpe</Extensions>
    </Filter>
    <Filter Include="zlib">
      <UniqueIdentifier>{42a27d72-d4b7-4a2f-9f0b-5d552623914c}</UniqueIdentifier>
    </Filter>
    <Filter Include="zlib\minizip">
      <UniqueIdentifier>{b726e25d-2977-424a-b45b-8ee60ce6bd49}</UniqueIdentifier>
    </Filter>
  </ItemGroup>
  <ItemGroup>
    <ClCompile Include="Application.cpp">
      <Filter>Source Files</Filter>
    </ClCompile>
    <ClCompile Include="StdAfx.cpp">
      <Filter>Source Files</Filter>
    </ClCompile>
    <ClCompile Include="zlib\adler32.c">
      <Filter>zlib</Filter>
    </ClCompile>
    <ClCompile Include="zlib\crc32.c">
      <Filter>zlib</Filter>
    </ClCompile>
    <ClCompile Include="zlib\deflate.c">
      <Filter>zlib</Filter>
    </ClCompile>
    <ClCompile Include="zlib\infback.c">
      <Filter>zlib</Filter>
    </ClCompile>
    <ClCompile Include="zlib\inflate.c">
      <Filter>zlib</Filter>
    </ClCompile>
    <ClCompile Include="zlib\inftrees.c">
      <Filter>zlib</Filter>
    </ClCompile>
    <ClCompile Include="zlib\trees.c">
      <Filter>zlib</Filter>
    </ClCompile>
    <ClCompile Include="zlib\zutil.c">
      <Filter>zlib</Filter>
    </ClCompile>
    <ClCompile Include="zlib\inffast.c">
      <Filter>zlib</Filter>
    </ClCompile>
    <ClCompile Include="zlib\inffas8664.c">
      <Filter>zlib</Filter>
    </ClCompile>
    <ClCompile Include="zlib\gvmat32c.c">
      <Filter>zlib</Filter>
    </ClCompile>
    <ClCompile Include="zlib\minizip\zip.c">
      <Filter>zlib\minizip</Filter>
    </ClCompile>
    <ClCompile Include="zlib\minizip\ioapi.c">
      <Filter>zlib\minizip</Filter>
    </ClCompile>
    <ClCompile Include="zlib\minizip\iowin32.c">
      <Filter>zlib\minizip</Filter>
    </ClCompile>
    <ClCompile Include="zlib\minizip\unzip.c">
      <Filter>zlib\minizip</Filter>
    </ClCompile>
    <ClCompile Include="..\Library\Dialog.cpp">
      <Filter>Source Files</Filter>
    </ClCompile>
    <ClCompile Include="DialogInstall.cpp">
      <Filter>Source Files</Filter>
    </ClCompile>
    <ClCompile Include="DialogPackage.cpp">
      <Filter>Source Files</Filter>
    </ClCompile>
  </ItemGroup>
  <ItemGroup>
    <ClInclude Include="resource.h">
      <Filter>Header Files</Filter>
    </ClInclude>
    <ClInclude Include="Application.h">
      <Filter>Header Files</Filter>
    </ClInclude>
    <ClInclude Include="StdAfx.h">
      <Filter>Header Files</Filter>
    </ClInclude>
    <ClInclude Include="zlib\zutil.h">
      <Filter>zlib</Filter>
    </ClInclude>
    <ClInclude Include="zlib\crc32.h">
      <Filter>zlib</Filter>
    </ClInclude>
    <ClInclude Include="zlib\deflate.h">
      <Filter>zlib</Filter>
    </ClInclude>
    <ClInclude Include="zlib\inffast.h">
      <Filter>zlib</Filter>
    </ClInclude>
    <ClInclude Include="zlib\inflate.h">
      <Filter>zlib</Filter>
    </ClInclude>
    <ClInclude Include="zlib\inftrees.h">
      <Filter>zlib</Filter>
    </ClInclude>
    <ClInclude Include="zlib\zconf.h">
      <Filter>zlib</Filter>
    </ClInclude>
    <ClInclude Include="zlib\zlib.h">
      <Filter>zlib</Filter>
    </ClInclude>
    <ClInclude Include="zlib\minizip\zip.h">
      <Filter>zlib\minizip</Filter>
    </ClInclude>
    <ClInclude Include="zlib\minizip\ioapi.h">
      <Filter>zlib\minizip</Filter>
    </ClInclude>
    <ClInclude Include="zlib\minizip\iowin32.h">
      <Filter>zlib\minizip</Filter>
    </ClInclude>
    <ClInclude Include="zlib\minizip\unzip.h">
      <Filter>zlib\minizip</Filter>
    </ClInclude>
    <ClInclude Include="..\Library\Dialog.h">
      <Filter>Header Files</Filter>
    </ClInclude>
    <ClInclude Include="DialogInstall.h">
      <Filter>Header Files</Filter>
    </ClInclude>
    <ClInclude Include="DialogPackage.h">
      <Filter>Header Files</Filter>
    </ClInclude>
  </ItemGroup>
  <ItemGroup>
    <None Include="Res\SkinInstaller.ico">
      <Filter>Resource Files</Filter>
    </None>
    <None Include="res\Rainstaller.bmp">
      <Filter>Resource Files</Filter>
    </None>
  </ItemGroup>
  <ItemGroup>
    <CustomBuild Include="zlib\inffasx64.asm">
      <Filter>zlib</Filter>
    </CustomBuild>
    <CustomBuild Include="zlib\gvmat64.asm">
      <Filter>zlib</Filter>
    </CustomBuild>
  </ItemGroup>
  <ItemGroup>
    <MASM Include="zlib\gvmat32.asm">
      <Filter>zlib</Filter>
    </MASM>
    <MASM Include="zlib\inffas32.asm">
      <Filter>zlib</Filter>
    </MASM>
  </ItemGroup>
  <ItemGroup>
    <ResourceCompile Include="SkinInstaller.rc">
      <Filter>Resource Files</Filter>
    </ResourceCompile>
  </ItemGroup>
</Project>