<?xml version="1.0" encoding="utf-8"?>
<Project ToolsVersion="4.0" xmlns="http://schemas.microsoft.com/developer/msbuild/2003">
  <ItemGroup>
    <ClCompile Include="CharacterEntityReference.cpp" />
    <ClCompile Include="Dialog.cpp" />
    <ClCompile Include="MenuTemplate.cpp" />
    <ClCompile Include="PathUtil.cpp" />
    <ClCompile Include="Platform.cpp" />
    <ClCompile Include="StringUtil.cpp" />
    <ClCompile Include="ControlTemplate.cpp" />
    <ClCompile Include="MathParser.cpp" />
    <ClCompile Include="Gfx\FontCollection.cpp">
      <Filter>Gfx</Filter>
    </ClCompile>
    <ClCompile Include="Gfx\FontCollectionD2D.cpp">
      <Filter>Gfx</Filter>
    </ClCompile>
    <ClCompile Include="Gfx\TextFormat.cpp">
      <Filter>Gfx</Filter>
    </ClCompile>
    <ClCompile Include="Gfx\TextFormatD2D.cpp">
      <Filter>Gfx</Filter>
    </ClCompile>
    <ClCompile Include="Gfx\Util\DWriteHelpers.cpp">
      <Filter>Gfx\Util</Filter>
    </ClCompile>
    <ClCompile Include="Gfx\Util\DWriteFontCollectionLoader.cpp">
      <Filter>Gfx\Util</Filter>
    </ClCompile>
    <ClCompile Include="Gfx\Util\DWriteFontFileEnumerator.cpp">
      <Filter>Gfx\Util</Filter>
    </ClCompile>
    <ClCompile Include="Gfx\Util\WICBitmapDIB.cpp">
      <Filter>Gfx\Util</Filter>
    </ClCompile>
    <ClCompile Include="Gfx\Util\WICBitmapLockDIB.cpp">
      <Filter>Gfx\Util</Filter>
    </ClCompile>
    <ClCompile Include="Gfx\Util\WICBitmapLockGDIP.cpp">
      <Filter>Gfx\Util</Filter>
    </ClCompile>
    <ClCompile Include="StdAfx.cpp" />
    <ClCompile Include="Gfx\TextInlineFormat.cpp">
      <Filter>Gfx</Filter>
    </ClCompile>
    <ClCompile Include="Gfx\TextInlineFormat\TextInlineFormatCharacterSpacing.cpp">
      <Filter>Gfx\TextInlineFormat</Filter>
    </ClCompile>
    <ClCompile Include="Gfx\TextInlineFormat\TextInlineFormatColor.cpp">
      <Filter>Gfx\TextInlineFormat</Filter>
    </ClCompile>
    <ClCompile Include="Gfx\TextInlineFormat\TextInlineFormatFace.cpp">
      <Filter>Gfx\TextInlineFormat</Filter>
    </ClCompile>
    <ClCompile Include="Gfx\TextInlineFormat\TextInlineFormatGradientColor.cpp">
      <Filter>Gfx\TextInlineFormat</Filter>
    </ClCompile>
    <ClCompile Include="Gfx\TextInlineFormat\TextInlineFormatItalic.cpp">
      <Filter>Gfx\TextInlineFormat</Filter>
    </ClCompile>
    <ClCompile Include="Gfx\TextInlineFormat\TextInlineFormatOblique.cpp">
      <Filter>Gfx\TextInlineFormat</Filter>
    </ClCompile>
    <ClCompile Include="Gfx\TextInlineFormat\TextInlineFormatSize.cpp">
      <Filter>Gfx\TextInlineFormat</Filter>
    </ClCompile>
    <ClCompile Include="Gfx\TextInlineFormat\TextInlineFormatStretch.cpp">
      <Filter>Gfx\TextInlineFormat</Filter>
    </ClCompile>
    <ClCompile Include="Gfx\TextInlineFormat\TextInlineFormatStrikethrough.cpp">
      <Filter>Gfx\TextInlineFormat</Filter>
    </ClCompile>
    <ClCompile Include="Gfx\TextInlineFormat\TextInlineFormatTypography.cpp">
      <Filter>Gfx\TextInlineFormat</Filter>
    </ClCompile>
    <ClCompile Include="Gfx\TextInlineFormat\TextInlineFormatUnderline.cpp">
      <Filter>Gfx\TextInlineFormat</Filter>
    </ClCompile>
    <ClCompile Include="Gfx\TextInlineFormat\TextInlineFormatWeight.cpp">
      <Filter>Gfx\TextInlineFormat</Filter>
    </ClCompile>
    <ClCompile Include="FileUtil.cpp" />
    <ClCompile Include="Gfx\Canvas.cpp">
      <Filter>Gfx</Filter>
    </ClCompile>
    <ClCompile Include="Gfx\TextInlineFormat\TextInlineFormatCase.cpp">
      <Filter>Gfx\TextInlineFormat</Filter>
    </ClCompile>
    <ClCompile Include="Gfx\TextInlineFormat\TextInlineFormatShadow.cpp">
      <Filter>Gfx\TextInlineFormat</Filter>
    </ClCompile>
    <ClCompile Include="Gfx\Util\D2DUtil.cpp">
      <Filter>Gfx\Util</Filter>
    </ClCompile>
    <ClCompile Include="Gfx\Shapes\Rectangle.cpp">
      <Filter>Gfx\Shapes</Filter>
    </ClCompile>
    <ClCompile Include="Gfx\Shapes\RoundedRectangle.cpp">
      <Filter>Gfx\Shapes</Filter>
    </ClCompile>
    <ClCompile Include="Gfx\Shape.cpp">
      <Filter>Gfx</Filter>
    </ClCompile>
    <ClCompile Include="Gfx\Shapes\Ellipse.cpp">
      <Filter>Gfx\Shapes</Filter>
    </ClCompile>
    <ClCompile Include="Gfx\Shapes\Line.cpp">
      <Filter>Gfx\Shapes</Filter>
    </ClCompile>
    <ClCompile Include="Gfx\Shapes\Arc.cpp">
      <Filter>Gfx\Shapes</Filter>
    </ClCompile>
    <ClCompile Include="Gfx\Shapes\Curve.cpp">
      <Filter>Gfx\Shapes</Filter>
    </ClCompile>
    <ClCompile Include="Gfx\Shapes\QuadraticCurve.cpp">
      <Filter>Gfx\Shapes</Filter>
    </ClCompile>
    <ClCompile Include="Gfx\Shapes\Path.cpp">
      <Filter>Gfx\Shapes</Filter>
    </ClCompile>
  </ItemGroup>
  <ItemGroup>
    <ClInclude Include="Dialog.h" />
    <ClInclude Include="MenuTemplate.h" />
    <ClInclude Include="PathUtil.h" />
    <ClInclude Include="Platform.h" />
    <ClInclude Include="RawString.h" />
    <ClInclude Include="StringUtil.h" />
    <ClInclude Include="ControlTemplate.h" />
    <ClInclude Include="MathParser.h" />
    <ClInclude Include="UnitTest.h" />
    <ClInclude Include="Timer.h" />
    <ClInclude Include="Gfx\FontCollection.h">
      <Filter>Gfx</Filter>
    </ClInclude>
    <ClInclude Include="Gfx\FontCollectionD2D.h">
      <Filter>Gfx</Filter>
    </ClInclude>
    <ClInclude Include="Gfx\TextFormat.h">
      <Filter>Gfx</Filter>
    </ClInclude>
    <ClInclude Include="Gfx\TextFormatD2D.h">
      <Filter>Gfx</Filter>
    </ClInclude>
    <ClInclude Include="Gfx\Util\DWriteHelpers.h">
      <Filter>Gfx\Util</Filter>
    </ClInclude>
    <ClInclude Include="Gfx\Util\DWriteFontCollectionLoader.h">
      <Filter>Gfx\Util</Filter>
    </ClInclude>
    <ClInclude Include="Gfx\Util\DWriteFontFileEnumerator.h">
      <Filter>Gfx\Util</Filter>
    </ClInclude>
    <ClInclude Include="Gfx\Util\WICBitmapDIB.h">
      <Filter>Gfx\Util</Filter>
    </ClInclude>
    <ClInclude Include="Gfx\Util\WICBitmapLockDIB.h">
      <Filter>Gfx\Util</Filter>
    </ClInclude>
    <ClInclude Include="Gfx\Util\WICBitmapLockGDIP.h">
      <Filter>Gfx\Util</Filter>
    </ClInclude>
    <ClInclude Include="StdAfx.h" />
    <ClInclude Include="Gfx\TextInlineFormat.h">
      <Filter>Gfx</Filter>
    </ClInclude>
    <ClInclude Include="Gfx\TextInlineFormat\TextInlineFormatCharacterSpacing.h">
      <Filter>Gfx\TextInlineFormat</Filter>
    </ClInclude>
    <ClInclude Include="Gfx\TextInlineFormat\TextInlineFormatColor.h">
      <Filter>Gfx\TextInlineFormat</Filter>
    </ClInclude>
    <ClInclude Include="Gfx\TextInlineFormat\TextInlineFormatFace.h">
      <Filter>Gfx\TextInlineFormat</Filter>
    </ClInclude>
    <ClInclude Include="Gfx\TextInlineFormat\TextInlineFormatGradientColor.h">
      <Filter>Gfx\TextInlineFormat</Filter>
    </ClInclude>
    <ClInclude Include="Gfx\TextInlineFormat\TextInlineFormatItalic.h">
      <Filter>Gfx\TextInlineFormat</Filter>
    </ClInclude>
    <ClInclude Include="Gfx\TextInlineFormat\TextInlineFormatOblique.h">
      <Filter>Gfx\TextInlineFormat</Filter>
    </ClInclude>
    <ClInclude Include="Gfx\TextInlineFormat\TextInlineFormatSize.h">
      <Filter>Gfx\TextInlineFormat</Filter>
    </ClInclude>
    <ClInclude Include="Gfx\TextInlineFormat\TextInlineFormatStretch.h">
      <Filter>Gfx\TextInlineFormat</Filter>
    </ClInclude>
    <ClInclude Include="Gfx\TextInlineFormat\TextInlineFormatStrikethrough.h">
      <Filter>Gfx\TextInlineFormat</Filter>
    </ClInclude>
    <ClInclude Include="Gfx\TextInlineFormat\TextInlineFormatTypography.h">
      <Filter>Gfx\TextInlineFormat</Filter>
    </ClInclude>
    <ClInclude Include="Gfx\TextInlineFormat\TextInlineFormatUnderline.h">
      <Filter>Gfx\TextInlineFormat</Filter>
    </ClInclude>
    <ClInclude Include="Gfx\TextInlineFormat\TextInlineFormatWeight.h">
      <Filter>Gfx\TextInlineFormat</Filter>
    </ClInclude>
    <ClInclude Include="FileUtil.h" />
    <ClInclude Include="ScopedFunction.h" />
    <ClInclude Include="Gfx\Canvas.h">
      <Filter>Gfx</Filter>
    </ClInclude>
    <ClInclude Include="Gfx\TextInlineFormat\TextInlineFormatCase.h">
      <Filter>Gfx\TextInlineFormat</Filter>
    </ClInclude>
    <ClInclude Include="Gfx\TextInlineFormat\TextInlineFormatShadow.h">
      <Filter>Gfx\TextInlineFormat</Filter>
    </ClInclude>
    <ClInclude Include="Gfx\Util\D2DUtil.h">
      <Filter>Gfx\Util</Filter>
    </ClInclude>
    <ClInclude Include="Gfx\Shapes\Rectangle.h">
      <Filter>Gfx\Shapes</Filter>
    </ClInclude>
    <ClInclude Include="Gfx\Shapes\RoundedRectangle.h">
      <Filter>Gfx\Shapes</Filter>
    </ClInclude>
    <ClInclude Include="Gfx\Shape.h">
      <Filter>Gfx</Filter>
    </ClInclude>
    <ClInclude Include="Gfx\Shapes\Ellipse.h">
      <Filter>Gfx\Shapes</Filter>
    </ClInclude>
    <ClInclude Include="Gfx\Shapes\Line.h">
      <Filter>Gfx\Shapes</Filter>
    </ClInclude>
    <ClInclude Include="Gfx\Shapes\Arc.h">
      <Filter>Gfx\Shapes</Filter>
    </ClInclude>
    <ClInclude Include="Gfx\Shapes\Curve.h">
      <Filter>Gfx\Shapes</Filter>
    </ClInclude>
    <ClInclude Include="Gfx\Shapes\QuadraticCurve.h">
      <Filter>Gfx\Shapes</Filter>
    </ClInclude>
    <ClInclude Include="Gfx\Shapes\Path.h">
      <Filter>Gfx\Shapes</Filter>
    </ClInclude>
  </ItemGroup>
  <ItemGroup>
    <Filter Include="Gfx">
      <UniqueIdentifier>{263d9d8c-b463-4f2a-87ab-5f6575a4cc38}</UniqueIdentifier>
    </Filter>
    <Filter Include="Gfx\Util">
      <UniqueIdentifier>{c3efb431-e0f5-4085-9b07-33a7e34c4baa}</UniqueIdentifier>
    </Filter>
    <Filter Include="Gfx\TextInlineFormat">
      <UniqueIdentifier>{7914a5da-66c9-4775-8666-d25595e6e58e}</UniqueIdentifier>
    </Filter>
    <Filter Include="Gfx\Shapes">
      <UniqueIdentifier>{b408511c-a54f-43e1-96bb-ac25be548071}</UniqueIdentifier>
    </Filter>
  </ItemGroup>
</Project>