<?xml version="1.0" encoding="utf-8"?>
<Project ToolsVersion="4.0" xmlns="http://schemas.microsoft.com/developer/msbuild/2003">
  <ItemGroup>
    <ClInclude Include="FolderInfo.h" />
    <ClInclude Include="..\..\Library\pcre\pcre.h">
      <Filter>pcre</Filter>
    </ClInclude>
    <ClInclude Include="..\..\Library\pcre\pcre_internal.h">
      <Filter>pcre</Filter>
    </ClInclude>
    <ClInclude Include="..\..\Library\pcre\ucp.h">
      <Filter>pcre</Filter>
    </ClInclude>
    <ClInclude Include="..\..\Library\pcre\config.h">
      <Filter>pcre</Filter>
    </ClInclude>
  </ItemGroup>
  <ItemGroup>
    <ClCompile Include="FolderInfo.cpp" />
    <ClCompile Include="FolderInfoPlugin.cpp" />
    <ClCompile Include="..\..\Library\pcre\pcre16_globals.c">
      <Filter>pcre</Filter>
    </ClCompile>
  </ItemGroup>
  <ItemGroup>
    <ResourceCompile Include="PluginFolderInfo.rc" />
  </ItemGroup>
  <ItemGroup>
    <Filter Include="pcre">
      <UniqueIdentifier>{aaeb51d4-65cd-4eb6-954f-724800c27387}</UniqueIdentifier>
    </Filter>
  </ItemGroup>
</Project>
